
Microsoft Visual Studio Solution File, Format Version 12.00
# Visual Studio Version 17
VisualStudioVersion = 17.0.31903.59
MinimumVisualStudioVersion = 10.0.40219.1
Project("{FAE04EC0-301F-11D3-BF4B-00C04F79EFBC}") = "SteelOnion.ProtocolStack", "SteelOnion.ProtocolStack\SteelOnion.ProtocolStack.csproj", "{3045E178-C523-46A2-B638-55C342F19F6F}"
EndProject
Project("{FAE04EC0-301F-11D3-BF4B-00C04F79EFBC}") = "SteelOnion.ProtocolStack.CLI", "SteelOnion.ProtocolStack.CLI\SteelOnion.ProtocolStack.CLI.csproj", "{24C46670-8E52-49FC-845A-16D25B0D2CA1}"
EndProject
Global
	GlobalSection(SolutionConfigurationPlatforms) = preSolution
		Debug|Any CPU = Debug|Any CPU
		Release|Any CPU = Release|Any CPU
	EndGlobalSection
	GlobalSection(ProjectConfigurationPlatforms) = postSolution
		{3045E178-C523-46A2-B638-55C342F19F6F}.Debug|Any CPU.ActiveCfg = Debug|Any CPU
		{3045E178-C523-46A2-B638-55C342F19F6F}.Debug|Any CPU.Build.0 = Debug|Any CPU
		{3045E178-C523-46A2-B638-55C342F19F6F}.Release|Any CPU.ActiveCfg = Release|Any CPU
		{3045E178-C523-46A2-B638-55C342F19F6F}.Release|Any CPU.Build.0 = Release|Any CPU
		{24C46670-8E52-49FC-845A-16D25B0D2CA1}.Debug|Any CPU.ActiveCfg = Debug|Any CPU
		{24C46670-8E52-49FC-845A-16D25B0D2CA1}.Debug|Any CPU.Build.0 = Debug|Any CPU
		{24C46670-8E52-49FC-845A-16D25B0D2CA1}.Release|Any CPU.ActiveCfg = Release|Any CPU
		{24C46670-8E52-49FC-845A-16D25B0D2CA1}.Release|Any CPU.Build.0 = Release|Any CPU
	EndGlobalSection
	GlobalSection(SolutionProperties) = preSolution
		HideSolutionNode = FALSE
	EndGlobalSection
	GlobalSection(ExtensibilityGlobals) = postSolution
		SolutionGuid = {9B8B9569-5066-432B-8AF4-CA2922C1A637}
	EndGlobalSection
EndGlobal
